
Microsoft Visual Studio Solution File, Format Version 12.00
# Visual Studio Version 16
VisualStudioVersion = 16.0.30114.105
MinimumVisualStudioVersion = 10.0.40219.1
Project("{2150E333-8FDC-42A3-9474-1A3956D46DE8}") = "src", "src", "{F397CC3D-0170-4218-8364-49515BCB2D2D}"
EndProject
Project("{FAE04EC0-301F-11D3-BF4B-00C04F79EFBC}") = "Api", "src\Api\Api.csproj", "{223257AA-10B0-4FD2-BC71-956AFBD4EF01}"
EndProject
Project("{FAE04EC0-301F-11D3-BF4B-00C04F79EFBC}") = "Application", "src\Application\Application.csproj", "{93611237-9E1C-4DC9-BBC1-771355118458}"
EndProject
Global
	GlobalSection(SolutionConfigurationPlatforms) = preSolution
		Debug|Any CPU = Debug|Any CPU
		Release|Any CPU = Release|Any CPU
	EndGlobalSection
	GlobalSection(SolutionProperties) = preSolution
		HideSolutionNode = FALSE
	EndGlobalSection
	GlobalSection(ProjectConfigurationPlatforms) = postSolution
		{223257AA-10B0-4FD2-BC71-956AFBD4EF01}.Debug|Any CPU.ActiveCfg = Debug|Any CPU
		{223257AA-10B0-4FD2-BC71-956AFBD4EF01}.Debug|Any CPU.Build.0 = Debug|Any CPU
		{223257AA-10B0-4FD2-BC71-956AFBD4EF01}.Release|Any CPU.ActiveCfg = Release|Any CPU
		{223257AA-10B0-4FD2-BC71-956AFBD4EF01}.Release|Any CPU.Build.0 = Release|Any CPU
		{93611237-9E1C-4DC9-BBC1-771355118458}.Debug|Any CPU.ActiveCfg = Debug|Any CPU
		{93611237-9E1C-4DC9-BBC1-771355118458}.Debug|Any CPU.Build.0 = Debug|Any CPU
		{93611237-9E1C-4DC9-BBC1-771355118458}.Release|Any CPU.ActiveCfg = Release|Any CPU
		{93611237-9E1C-4DC9-BBC1-771355118458}.Release|Any CPU.Build.0 = Release|Any CPU
	EndGlobalSection
	GlobalSection(NestedProjects) = preSolution
		{223257AA-10B0-4FD2-BC71-956AFBD4EF01} = {F397CC3D-0170-4218-8364-49515BCB2D2D}
		{93611237-9E1C-4DC9-BBC1-771355118458} = {F397CC3D-0170-4218-8364-49515BCB2D2D}
	EndGlobalSection
EndGlobal
